
Microsoft Visual Studio Solution File, Format Version 12.00
# Visual Studio Version 17
VisualStudioVersion = 17.8.34525.116
MinimumVisualStudioVersion = 10.0.40219.1
Project("{FAE04EC0-301F-11D3-BF4B-00C04F79EFBC}") = "Program_3", "Program_3\Program_3.csproj", "{06146326-8218-40BE-A053-4E13E952BA75}"
EndProject
Global
	GlobalSection(SolutionConfigurationPlatforms) = preSolution
		Debug|Any CPU = Debug|Any CPU
		Release|Any CPU = Release|Any CPU
	EndGlobalSection
	GlobalSection(ProjectConfigurationPlatforms) = postSolution
		{06146326-8218-40BE-A053-4E13E952BA75}.Debug|Any CPU.ActiveCfg = Debug|Any CPU
		{06146326-8218-40BE-A053-4E13E952BA75}.Debug|Any CPU.Build.0 = Debug|Any CPU
		{06146326-8218-40BE-A053-4E13E952BA75}.Release|Any CPU.ActiveCfg = Release|Any CPU
		{06146326-8218-40BE-A053-4E13E952BA75}.Release|Any CPU.Build.0 = Release|Any CPU
	EndGlobalSection
	GlobalSection(SolutionProperties) = preSolution
		HideSolutionNode = FALSE
	EndGlobalSection
	GlobalSection(ExtensibilityGlobals) = postSolution
		SolutionGuid = {2DC358AE-A835-4C10-94C9-C079FC8A4ED9}
	EndGlobalSection
EndGlobal
